// !$*UTF8*$!
{
	archiveVersion = 1;
	classes = {
	};
	objectVersion = 56;
	objects = {

/* Begin PBXBuildFile section */
		8933F69F2BB380850007CE36 /* ShortUrlsOverview.swift in Sources */ = {isa = PBXBuildFile; fileRef = 8933F69E2BB380850007CE36 /* ShortUrlsOverview.swift */; };
		896063A92BB09FEE00400A7A /* ShlinkApp.swift in Sources */ = {isa = PBXBuildFile; fileRef = 896063A82BB09FEE00400A7A /* ShlinkApp.swift */; };
		896063AB2BB09FEE00400A7A /* ContentView.swift in Sources */ = {isa = PBXBuildFile; fileRef = 896063AA2BB09FEE00400A7A /* ContentView.swift */; };
		896063AD2BB09FF000400A7A /* Assets.xcassets in Resources */ = {isa = PBXBuildFile; fileRef = 896063AC2BB09FF000400A7A /* Assets.xcassets */; };
		896063B02BB09FF000400A7A /* Preview Assets.xcassets in Resources */ = {isa = PBXBuildFile; fileRef = 896063AF2BB09FF000400A7A /* Preview Assets.xcassets */; };
		896063B82BB0A28900400A7A /* Alamofire in Frameworks */ = {isa = PBXBuildFile; productRef = 896063B72BB0A28900400A7A /* Alamofire */; };
		8962F6F62BC2BE66007770A4 /* GetVisitsResponse.swift in Sources */ = {isa = PBXBuildFile; fileRef = 8962F6F52BC2BE66007770A4 /* GetVisitsResponse.swift */; };
		89E9DB972BC19CEB00A1E11D /* CreateShortURLPayload.swift in Sources */ = {isa = PBXBuildFile; fileRef = 89E9DB962BC19CEB00A1E11D /* CreateShortURLPayload.swift */; };
		89E9DB992BC1A68100A1E11D /* Server.swift in Sources */ = {isa = PBXBuildFile; fileRef = 89E9DB982BC1A68100A1E11D /* Server.swift */; };
		89E9DB9B2BC1A78700A1E11D /* ShlinkAPI.swift in Sources */ = {isa = PBXBuildFile; fileRef = 89E9DB9A2BC1A78700A1E11D /* ShlinkAPI.swift */; };
		89E9DB9D2BC1A8C300A1E11D /* GetShortUrlsResponse.swift in Sources */ = {isa = PBXBuildFile; fileRef = 89E9DB9C2BC1A8C300A1E11D /* GetShortUrlsResponse.swift */; };
		89E9DB9F2BC1A93200A1E11D /* ServersOverview.swift in Sources */ = {isa = PBXBuildFile; fileRef = 89E9DB9E2BC1A93200A1E11D /* ServersOverview.swift */; };
		89E9DBA22BC1A9F900A1E11D /* AddServerView.swift in Sources */ = {isa = PBXBuildFile; fileRef = 89E9DBA12BC1A9F900A1E11D /* AddServerView.swift */; };
		89E9DBA42BC1AB0800A1E11D /* DataController.swift in Sources */ = {isa = PBXBuildFile; fileRef = 89E9DBA32BC1AB0700A1E11D /* DataController.swift */; };
		89E9DBAA2BC1AD0000A1E11D /* HomeView.swift in Sources */ = {isa = PBXBuildFile; fileRef = 89E9DBA92BC1AD0000A1E11D /* HomeView.swift */; };
		89E9DBAC2BC1AF1200A1E11D /* Config.xcconfig.example in Resources */ = {isa = PBXBuildFile; fileRef = 89E9DBAB2BC1AF1200A1E11D /* Config.xcconfig.example */; };
		89E9DBB12BC1D7C900A1E11D /* ShortURLDetailView.swift in Sources */ = {isa = PBXBuildFile; fileRef = 89E9DBB02BC1D7C900A1E11D /* ShortURLDetailView.swift */; };
		89F756C12BB4357100E77ED6 /* ShortUrlsViewModel.swift in Sources */ = {isa = PBXBuildFile; fileRef = 89F756C02BB4357100E77ED6 /* ShortUrlsViewModel.swift */; };
		89F756C32BB438D300E77ED6 /* CreateShortUrlView.swift in Sources */ = {isa = PBXBuildFile; fileRef = 89F756C22BB438D300E77ED6 /* CreateShortUrlView.swift */; };
/* End PBXBuildFile section */

/* Begin PBXFileReference section */
		8933F69E2BB380850007CE36 /* ShortUrlsOverview.swift */ = {isa = PBXFileReference; lastKnownFileType = sourcecode.swift; path = ShortUrlsOverview.swift; sourceTree = "<group>"; };
		896063A52BB09FEE00400A7A /* Shlink.app */ = {isa = PBXFileReference; explicitFileType = wrapper.application; includeInIndex = 0; path = Shlink.app; sourceTree = BUILT_PRODUCTS_DIR; };
		896063A82BB09FEE00400A7A /* ShlinkApp.swift */ = {isa = PBXFileReference; lastKnownFileType = sourcecode.swift; path = ShlinkApp.swift; sourceTree = "<group>"; };
		896063AA2BB09FEE00400A7A /* ContentView.swift */ = {isa = PBXFileReference; lastKnownFileType = sourcecode.swift; path = ContentView.swift; sourceTree = "<group>"; };
		896063AC2BB09FF000400A7A /* Assets.xcassets */ = {isa = PBXFileReference; lastKnownFileType = folder.assetcatalog; path = Assets.xcassets; sourceTree = "<group>"; };
		896063AF2BB09FF000400A7A /* Preview Assets.xcassets */ = {isa = PBXFileReference; lastKnownFileType = folder.assetcatalog; path = "Preview Assets.xcassets"; sourceTree = "<group>"; };
		8962F6F52BC2BE66007770A4 /* GetVisitsResponse.swift */ = {isa = PBXFileReference; lastKnownFileType = sourcecode.swift; path = GetVisitsResponse.swift; sourceTree = "<group>"; };
		89E9DB962BC19CEB00A1E11D /* CreateShortURLPayload.swift */ = {isa = PBXFileReference; lastKnownFileType = sourcecode.swift; path = CreateShortURLPayload.swift; sourceTree = "<group>"; };
		89E9DB982BC1A68100A1E11D /* Server.swift */ = {isa = PBXFileReference; lastKnownFileType = sourcecode.swift; path = Server.swift; sourceTree = "<group>"; };
		89E9DB9A2BC1A78700A1E11D /* ShlinkAPI.swift */ = {isa = PBXFileReference; lastKnownFileType = sourcecode.swift; path = ShlinkAPI.swift; sourceTree = "<group>"; };
		89E9DB9C2BC1A8C300A1E11D /* GetShortUrlsResponse.swift */ = {isa = PBXFileReference; lastKnownFileType = sourcecode.swift; path = GetShortUrlsResponse.swift; sourceTree = "<group>"; };
		89E9DB9E2BC1A93200A1E11D /* ServersOverview.swift */ = {isa = PBXFileReference; lastKnownFileType = sourcecode.swift; path = ServersOverview.swift; sourceTree = "<group>"; };
		89E9DBA12BC1A9F900A1E11D /* AddServerView.swift */ = {isa = PBXFileReference; lastKnownFileType = sourcecode.swift; path = AddServerView.swift; sourceTree = "<group>"; };
		89E9DBA32BC1AB0700A1E11D /* DataController.swift */ = {isa = PBXFileReference; lastKnownFileType = sourcecode.swift; path = DataController.swift; sourceTree = "<group>"; };
		89E9DBA72BC1ABB200A1E11D /* Config.xcconfig */ = {isa = PBXFileReference; lastKnownFileType = text.xcconfig; path = Config.xcconfig; sourceTree = "<group>"; };
		89E9DBA82BC1ABE300A1E11D /* Info.plist */ = {isa = PBXFileReference; lastKnownFileType = text.plist; path = Info.plist; sourceTree = "<group>"; };
		89E9DBA92BC1AD0000A1E11D /* HomeView.swift */ = {isa = PBXFileReference; lastKnownFileType = sourcecode.swift; path = HomeView.swift; sourceTree = "<group>"; };
		89E9DBAB2BC1AF1200A1E11D /* Config.xcconfig.example */ = {isa = PBXFileReference; fileEncoding = 4; lastKnownFileType = text; path = Config.xcconfig.example; sourceTree = "<group>"; };
		89E9DBB02BC1D7C900A1E11D /* ShortURLDetailView.swift */ = {isa = PBXFileReference; lastKnownFileType = sourcecode.swift; path = ShortURLDetailView.swift; sourceTree = "<group>"; };
		89F756C02BB4357100E77ED6 /* ShortUrlsViewModel.swift */ = {isa = PBXFileReference; lastKnownFileType = sourcecode.swift; path = ShortUrlsViewModel.swift; sourceTree = "<group>"; };
		89F756C22BB438D300E77ED6 /* CreateShortUrlView.swift */ = {isa = PBXFileReference; lastKnownFileType = sourcecode.swift; path = CreateShortUrlView.swift; sourceTree = "<group>"; };
/* End PBXFileReference section */

/* Begin PBXFrameworksBuildPhase section */
		896063A22BB09FEE00400A7A /* Frameworks */ = {
			isa = PBXFrameworksBuildPhase;
			buildActionMask = 2147483647;
			files = (
				896063B82BB0A28900400A7A /* Alamofire in Frameworks */,
			);
			runOnlyForDeploymentPostprocessing = 0;
		};
/* End PBXFrameworksBuildPhase section */

/* Begin PBXGroup section */
		8933F69D2BB380670007CE36 /* Views */ = {
			isa = PBXGroup;
			children = (
				89E9DBAD2BC1D32000A1E11D /* ShortUrlsOverview */,
				89E9DBA02BC1A9EC00A1E11D /* Servers */,
				89F756C22BB438D300E77ED6 /* CreateShortUrlView.swift */,
				89E9DBA92BC1AD0000A1E11D /* HomeView.swift */,
			);
			path = Views;
			sourceTree = "<group>";
		};
		8960639C2BB09FEE00400A7A = {
			isa = PBXGroup;
			children = (
				896063A72BB09FEE00400A7A /* Shlink */,
				896063A62BB09FEE00400A7A /* Products */,
			);
			sourceTree = "<group>";
		};
		896063A62BB09FEE00400A7A /* Products */ = {
			isa = PBXGroup;
			children = (
				896063A52BB09FEE00400A7A /* Shlink.app */,
			);
			name = Products;
			sourceTree = "<group>";
		};
		896063A72BB09FEE00400A7A /* Shlink */ = {
			isa = PBXGroup;
			children = (
				89E9DBA82BC1ABE300A1E11D /* Info.plist */,
				89E9DBA62BC1ABA200A1E11D /* Config */,
				89E9DB952BC19CB800A1E11D /* Structures */,
				89F756BF2BB4355F00E77ED6 /* ViewModels */,
				8933F69D2BB380670007CE36 /* Views */,
				896063A82BB09FEE00400A7A /* ShlinkApp.swift */,
				896063AA2BB09FEE00400A7A /* ContentView.swift */,
				89E9DBA32BC1AB0700A1E11D /* DataController.swift */,
				896063AC2BB09FF000400A7A /* Assets.xcassets */,
				896063AE2BB09FF000400A7A /* Preview Content */,
			);
			path = Shlink;
			sourceTree = "<group>";
		};
		896063AE2BB09FF000400A7A /* Preview Content */ = {
			isa = PBXGroup;
			children = (
				896063AF2BB09FF000400A7A /* Preview Assets.xcassets */,
			);
			path = "Preview Content";
			sourceTree = "<group>";
		};
		89E9DB952BC19CB800A1E11D /* Structures */ = {
			isa = PBXGroup;
			children = (
				89E9DB982BC1A68100A1E11D /* Server.swift */,
				89E9DB9A2BC1A78700A1E11D /* ShlinkAPI.swift */,
				89E9DB962BC19CEB00A1E11D /* CreateShortURLPayload.swift */,
				89E9DB9C2BC1A8C300A1E11D /* GetShortUrlsResponse.swift */,
				8962F6F52BC2BE66007770A4 /* GetVisitsResponse.swift */,
			);
			path = Structures;
			sourceTree = "<group>";
		};
		89E9DBA02BC1A9EC00A1E11D /* Servers */ = {
			isa = PBXGroup;
			children = (
				89E9DB9E2BC1A93200A1E11D /* ServersOverview.swift */,
				89E9DBA12BC1A9F900A1E11D /* AddServerView.swift */,
			);
			path = Servers;
			sourceTree = "<group>";
		};
		89E9DBA62BC1ABA200A1E11D /* Config */ = {
			isa = PBXGroup;
			children = (
				89E9DBAB2BC1AF1200A1E11D /* Config.xcconfig.example */,
				89E9DBA72BC1ABB200A1E11D /* Config.xcconfig */,
			);
			path = Config;
			sourceTree = "<group>";
		};
		89E9DBAD2BC1D32000A1E11D /* ShortUrlsOverview */ = {
			isa = PBXGroup;
			children = (
				8933F69E2BB380850007CE36 /* ShortUrlsOverview.swift */,
				89E9DBB02BC1D7C900A1E11D /* ShortURLDetailView.swift */,
			);
			path = ShortUrlsOverview;
			sourceTree = "<group>";
		};
		89F756BF2BB4355F00E77ED6 /* ViewModels */ = {
			isa = PBXGroup;
			children = (
				89F756C02BB4357100E77ED6 /* ShortUrlsViewModel.swift */,
			);
			path = ViewModels;
			sourceTree = "<group>";
		};
/* End PBXGroup section */

/* Begin PBXNativeTarget section */
		896063A42BB09FEE00400A7A /* Shlink */ = {
			isa = PBXNativeTarget;
			buildConfigurationList = 896063B32BB09FF000400A7A /* Build configuration list for PBXNativeTarget "Shlink" */;
			buildPhases = (
				896063A12BB09FEE00400A7A /* Sources */,
				896063A22BB09FEE00400A7A /* Frameworks */,
				896063A32BB09FEE00400A7A /* Resources */,
			);
			buildRules = (
			);
			dependencies = (
			);
			name = Shlink;
			packageProductDependencies = (
				896063B72BB0A28900400A7A /* Alamofire */,
			);
			productName = Shlink;
			productReference = 896063A52BB09FEE00400A7A /* Shlink.app */;
			productType = "com.apple.product-type.application";
		};
/* End PBXNativeTarget section */

/* Begin PBXProject section */
		8960639D2BB09FEE00400A7A /* Project object */ = {
			isa = PBXProject;
			attributes = {
				BuildIndependentTargetsInParallel = 1;
				LastSwiftUpdateCheck = 1530;
				LastUpgradeCheck = 1530;
				TargetAttributes = {
					896063A42BB09FEE00400A7A = {
						CreatedOnToolsVersion = 15.3;
					};
				};
			};
			buildConfigurationList = 896063A02BB09FEE00400A7A /* Build configuration list for PBXProject "Shlink" */;
			compatibilityVersion = "Xcode 14.0";
			developmentRegion = en;
			hasScannedForEncodings = 0;
			knownRegions = (
				en,
				Base,
			);
			mainGroup = 8960639C2BB09FEE00400A7A;
			packageReferences = (
				896063B62BB0A28800400A7A /* XCRemoteSwiftPackageReference "Alamofire" */,
			);
			productRefGroup = 896063A62BB09FEE00400A7A /* Products */;
			projectDirPath = "";
			projectRoot = "";
			targets = (
				896063A42BB09FEE00400A7A /* Shlink */,
			);
		};
/* End PBXProject section */

/* Begin PBXResourcesBuildPhase section */
		896063A32BB09FEE00400A7A /* Resources */ = {
			isa = PBXResourcesBuildPhase;
			buildActionMask = 2147483647;
			files = (
				896063B02BB09FF000400A7A /* Preview Assets.xcassets in Resources */,
				89E9DBAC2BC1AF1200A1E11D /* Config.xcconfig.example in Resources */,
				896063AD2BB09FF000400A7A /* Assets.xcassets in Resources */,
			);
			runOnlyForDeploymentPostprocessing = 0;
		};
/* End PBXResourcesBuildPhase section */

/* Begin PBXSourcesBuildPhase section */
		896063A12BB09FEE00400A7A /* Sources */ = {
			isa = PBXSourcesBuildPhase;
			buildActionMask = 2147483647;
			files = (
				89E9DB9D2BC1A8C300A1E11D /* GetShortUrlsResponse.swift in Sources */,
				89E9DBA42BC1AB0800A1E11D /* DataController.swift in Sources */,
				89E9DBB12BC1D7C900A1E11D /* ShortURLDetailView.swift in Sources */,
				89E9DBAA2BC1AD0000A1E11D /* HomeView.swift in Sources */,
				896063AB2BB09FEE00400A7A /* ContentView.swift in Sources */,
				896063A92BB09FEE00400A7A /* ShlinkApp.swift in Sources */,
				89E9DB9F2BC1A93200A1E11D /* ServersOverview.swift in Sources */,
				89E9DB9B2BC1A78700A1E11D /* ShlinkAPI.swift in Sources */,
				8933F69F2BB380850007CE36 /* ShortUrlsOverview.swift in Sources */,
				89E9DB972BC19CEB00A1E11D /* CreateShortURLPayload.swift in Sources */,
				89F756C12BB4357100E77ED6 /* ShortUrlsViewModel.swift in Sources */,
				89E9DBA22BC1A9F900A1E11D /* AddServerView.swift in Sources */,
				89E9DB992BC1A68100A1E11D /* Server.swift in Sources */,
				89F756C32BB438D300E77ED6 /* CreateShortUrlView.swift in Sources */,
				8962F6F62BC2BE66007770A4 /* GetVisitsResponse.swift in Sources */,
			);
			runOnlyForDeploymentPostprocessing = 0;
		};
/* End PBXSourcesBuildPhase section */

/* Begin XCBuildConfiguration section */
		896063B12BB09FF000400A7A /* Debug */ = {
			isa = XCBuildConfiguration;
			baseConfigurationReference = 89E9DBA72BC1ABB200A1E11D /* Config.xcconfig */;
			buildSettings = {
				ALWAYS_SEARCH_USER_PATHS = NO;
				ASSETCATALOG_COMPILER_GENERATE_SWIFT_ASSET_SYMBOL_EXTENSIONS = YES;
				CLANG_ANALYZER_NONNULL = YES;
				CLANG_ANALYZER_NUMBER_OBJECT_CONVERSION = YES_AGGRESSIVE;
				CLANG_CXX_LANGUAGE_STANDARD = "gnu++20";
				CLANG_ENABLE_MODULES = YES;
				CLANG_ENABLE_OBJC_ARC = YES;
				CLANG_ENABLE_OBJC_WEAK = YES;
				CLANG_WARN_BLOCK_CAPTURE_AUTORELEASING = YES;
				CLANG_WARN_BOOL_CONVERSION = YES;
				CLANG_WARN_COMMA = YES;
				CLANG_WARN_CONSTANT_CONVERSION = YES;
				CLANG_WARN_DEPRECATED_OBJC_IMPLEMENTATIONS = YES;
				CLANG_WARN_DIRECT_OBJC_ISA_USAGE = YES_ERROR;
				CLANG_WARN_DOCUMENTATION_COMMENTS = YES;
				CLANG_WARN_EMPTY_BODY = YES;
				CLANG_WARN_ENUM_CONVERSION = YES;
				CLANG_WARN_INFINITE_RECURSION = YES;
				CLANG_WARN_INT_CONVERSION = YES;
				CLANG_WARN_NON_LITERAL_NULL_CONVERSION = YES;
				CLANG_WARN_OBJC_IMPLICIT_RETAIN_SELF = YES;
				CLANG_WARN_OBJC_LITERAL_CONVERSION = YES;
				CLANG_WARN_OBJC_ROOT_CLASS = YES_ERROR;
				CLANG_WARN_QUOTED_INCLUDE_IN_FRAMEWORK_HEADER = YES;
				CLANG_WARN_RANGE_LOOP_ANALYSIS = YES;
				CLANG_WARN_STRICT_PROTOTYPES = YES;
				CLANG_WARN_SUSPICIOUS_MOVE = YES;
				CLANG_WARN_UNGUARDED_AVAILABILITY = YES_AGGRESSIVE;
				CLANG_WARN_UNREACHABLE_CODE = YES;
				CLANG_WARN__DUPLICATE_METHOD_MATCH = YES;
				COPY_PHASE_STRIP = NO;
				DEBUG_INFORMATION_FORMAT = dwarf;
				ENABLE_STRICT_OBJC_MSGSEND = YES;
				ENABLE_TESTABILITY = YES;
				ENABLE_USER_SCRIPT_SANDBOXING = YES;
				GCC_C_LANGUAGE_STANDARD = gnu17;
				GCC_DYNAMIC_NO_PIC = NO;
				GCC_NO_COMMON_BLOCKS = YES;
				GCC_OPTIMIZATION_LEVEL = 0;
				GCC_PREPROCESSOR_DEFINITIONS = (
					"DEBUG=1",
					"$(inherited)",
				);
				GCC_WARN_64_TO_32_BIT_CONVERSION = YES;
				GCC_WARN_ABOUT_RETURN_TYPE = YES_ERROR;
				GCC_WARN_UNDECLARED_SELECTOR = YES;
				GCC_WARN_UNINITIALIZED_AUTOS = YES_AGGRESSIVE;
				GCC_WARN_UNUSED_FUNCTION = YES;
				GCC_WARN_UNUSED_VARIABLE = YES;
				IPHONEOS_DEPLOYMENT_TARGET = 17.4;
				LOCALIZATION_PREFERS_STRING_CATALOGS = YES;
				MTL_ENABLE_DEBUG_INFO = INCLUDE_SOURCE;
				MTL_FAST_MATH = YES;
				ONLY_ACTIVE_ARCH = YES;
				SDKROOT = iphoneos;
				SWIFT_ACTIVE_COMPILATION_CONDITIONS = "DEBUG $(inherited)";
				SWIFT_OPTIMIZATION_LEVEL = "-Onone";
			};
			name = Debug;
		};
		896063B22BB09FF000400A7A /* Release */ = {
			isa = XCBuildConfiguration;
			buildSettings = {
				ALWAYS_SEARCH_USER_PATHS = NO;
				ASSETCATALOG_COMPILER_GENERATE_SWIFT_ASSET_SYMBOL_EXTENSIONS = YES;
				CLANG_ANALYZER_NONNULL = YES;
				CLANG_ANALYZER_NUMBER_OBJECT_CONVERSION = YES_AGGRESSIVE;
				CLANG_CXX_LANGUAGE_STANDARD = "gnu++20";
				CLANG_ENABLE_MODULES = YES;
				CLANG_ENABLE_OBJC_ARC = YES;
				CLANG_ENABLE_OBJC_WEAK = YES;
				CLANG_WARN_BLOCK_CAPTURE_AUTORELEASING = YES;
				CLANG_WARN_BOOL_CONVERSION = YES;
				CLANG_WARN_COMMA = YES;
				CLANG_WARN_CONSTANT_CONVERSION = YES;
				CLANG_WARN_DEPRECATED_OBJC_IMPLEMENTATIONS = YES;
				CLANG_WARN_DIRECT_OBJC_ISA_USAGE = YES_ERROR;
				CLANG_WARN_DOCUMENTATION_COMMENTS = YES;
				CLANG_WARN_EMPTY_BODY = YES;
				CLANG_WARN_ENUM_CONVERSION = YES;
				CLANG_WARN_INFINITE_RECURSION = YES;
				CLANG_WARN_INT_CONVERSION = YES;
				CLANG_WARN_NON_LITERAL_NULL_CONVERSION = YES;
				CLANG_WARN_OBJC_IMPLICIT_RETAIN_SELF = YES;
				CLANG_WARN_OBJC_LITERAL_CONVERSION = YES;
				CLANG_WARN_OBJC_ROOT_CLASS = YES_ERROR;
				CLANG_WARN_QUOTED_INCLUDE_IN_FRAMEWORK_HEADER = YES;
				CLANG_WARN_RANGE_LOOP_ANALYSIS = YES;
				CLANG_WARN_STRICT_PROTOTYPES = YES;
				CLANG_WARN_SUSPICIOUS_MOVE = YES;
				CLANG_WARN_UNGUARDED_AVAILABILITY = YES_AGGRESSIVE;
				CLANG_WARN_UNREACHABLE_CODE = YES;
				CLANG_WARN__DUPLICATE_METHOD_MATCH = YES;
				COPY_PHASE_STRIP = NO;
				DEBUG_INFORMATION_FORMAT = "dwarf-with-dsym";
				ENABLE_NS_ASSERTIONS = NO;
				ENABLE_STRICT_OBJC_MSGSEND = YES;
				ENABLE_USER_SCRIPT_SANDBOXING = YES;
				GCC_C_LANGUAGE_STANDARD = gnu17;
				GCC_NO_COMMON_BLOCKS = YES;
				GCC_WARN_64_TO_32_BIT_CONVERSION = YES;
				GCC_WARN_ABOUT_RETURN_TYPE = YES_ERROR;
				GCC_WARN_UNDECLARED_SELECTOR = YES;
				GCC_WARN_UNINITIALIZED_AUTOS = YES_AGGRESSIVE;
				GCC_WARN_UNUSED_FUNCTION = YES;
				GCC_WARN_UNUSED_VARIABLE = YES;
				IPHONEOS_DEPLOYMENT_TARGET = 17.4;
				LOCALIZATION_PREFERS_STRING_CATALOGS = YES;
				MTL_ENABLE_DEBUG_INFO = NO;
				MTL_FAST_MATH = YES;
				SDKROOT = iphoneos;
				SWIFT_COMPILATION_MODE = wholemodule;
				VALIDATE_PRODUCT = YES;
			};
			name = Release;
		};
		896063B42BB09FF000400A7A /* Debug */ = {
			isa = XCBuildConfiguration;
			buildSettings = {
				ASSETCATALOG_COMPILER_APPICON_NAME = AppIcon;
				ASSETCATALOG_COMPILER_GLOBAL_ACCENT_COLOR_NAME = AccentColor;
				CODE_SIGN_STYLE = Automatic;
				CURRENT_PROJECT_VERSION = 1;
				DEVELOPMENT_ASSET_PATHS = "\"Shlink/Preview Content\"";
				DEVELOPMENT_TEAM = U3CH3X8GK4;
				ENABLE_PREVIEWS = YES;
				GENERATE_INFOPLIST_FILE = YES;
				INFOPLIST_FILE = Shlink/Info.plist;
				INFOPLIST_KEY_UIApplicationSceneManifest_Generation = YES;
				INFOPLIST_KEY_UIApplicationSupportsIndirectInputEvents = YES;
				INFOPLIST_KEY_UILaunchScreen_Generation = YES;
				INFOPLIST_KEY_UISupportedInterfaceOrientations_iPad = "UIInterfaceOrientationPortrait UIInterfaceOrientationPortraitUpsideDown UIInterfaceOrientationLandscapeLeft UIInterfaceOrientationLandscapeRight";
				INFOPLIST_KEY_UISupportedInterfaceOrientations_iPhone = "UIInterfaceOrientationPortrait UIInterfaceOrientationLandscapeLeft UIInterfaceOrientationLandscapeRight";
				LD_RUNPATH_SEARCH_PATHS = (
					"$(inherited)",
					"@executable_path/Frameworks",
				);
				MARKETING_VERSION = 1.0;
				PRODUCT_BUNDLE_IDENTIFIER = nl.wissehes.Shlink;
				PRODUCT_NAME = "$(TARGET_NAME)";
				SWIFT_EMIT_LOC_STRINGS = YES;
				SWIFT_VERSION = 5.0;
				TARGETED_DEVICE_FAMILY = "1,2";
			};
			name = Debug;
		};
		896063B52BB09FF000400A7A /* Release */ = {
			isa = XCBuildConfiguration;
			buildSettings = {
				ASSETCATALOG_COMPILER_APPICON_NAME = AppIcon;
				ASSETCATALOG_COMPILER_GLOBAL_ACCENT_COLOR_NAME = AccentColor;
				CODE_SIGN_STYLE = Automatic;
				CURRENT_PROJECT_VERSION = 1;
				DEVELOPMENT_ASSET_PATHS = "\"Shlink/Preview Content\"";
				DEVELOPMENT_TEAM = U3CH3X8GK4;
				ENABLE_PREVIEWS = YES;
				GENERATE_INFOPLIST_FILE = YES;
				INFOPLIST_FILE = Shlink/Info.plist;
				INFOPLIST_KEY_UIApplicationSceneManifest_Generation = YES;
				INFOPLIST_KEY_UIApplicationSupportsIndirectInputEvents = YES;
				INFOPLIST_KEY_UILaunchScreen_Generation = YES;
				INFOPLIST_KEY_UISupportedInterfaceOrientations_iPad = "UIInterfaceOrientationPortrait UIInterfaceOrientationPortraitUpsideDown UIInterfaceOrientationLandscapeLeft UIInterfaceOrientationLandscapeRight";
				INFOPLIST_KEY_UISupportedInterfaceOrientations_iPhone = "UIInterfaceOrientationPortrait UIInterfaceOrientationLandscapeLeft UIInterfaceOrientationLandscapeRight";
				LD_RUNPATH_SEARCH_PATHS = (
					"$(inherited)",
					"@executable_path/Frameworks",
				);
				MARKETING_VERSION = 1.0;
				PRODUCT_BUNDLE_IDENTIFIER = nl.wissehes.Shlink;
				PRODUCT_NAME = "$(TARGET_NAME)";
				SWIFT_EMIT_LOC_STRINGS = YES;
				SWIFT_VERSION = 5.0;
				TARGETED_DEVICE_FAMILY = "1,2";
			};
			name = Release;
		};
/* End XCBuildConfiguration section */

/* Begin XCConfigurationList section */
		896063A02BB09FEE00400A7A /* Build configuration list for PBXProject "Shlink" */ = {
			isa = XCConfigurationList;
			buildConfigurations = (
				896063B12BB09FF000400A7A /* Debug */,
				896063B22BB09FF000400A7A /* Release */,
			);
			defaultConfigurationIsVisible = 0;
			defaultConfigurationName = Release;
		};
		896063B32BB09FF000400A7A /* Build configuration list for PBXNativeTarget "Shlink" */ = {
			isa = XCConfigurationList;
			buildConfigurations = (
				896063B42BB09FF000400A7A /* Debug */,
				896063B52BB09FF000400A7A /* Release */,
			);
			defaultConfigurationIsVisible = 0;
			defaultConfigurationName = Release;
		};
/* End XCConfigurationList section */

/* Begin XCRemoteSwiftPackageReference section */
		896063B62BB0A28800400A7A /* XCRemoteSwiftPackageReference "Alamofire" */ = {
			isa = XCRemoteSwiftPackageReference;
			repositoryURL = "https://github.com/Alamofire/Alamofire";
			requirement = {
				kind = upToNextMajorVersion;
				minimumVersion = 5.9.0;
			};
		};
/* End XCRemoteSwiftPackageReference section */

/* Begin XCSwiftPackageProductDependency section */
		896063B72BB0A28900400A7A /* Alamofire */ = {
			isa = XCSwiftPackageProductDependency;
			package = 896063B62BB0A28800400A7A /* XCRemoteSwiftPackageReference "Alamofire" */;
			productName = Alamofire;
		};
/* End XCSwiftPackageProductDependency section */
	};
	rootObject = 8960639D2BB09FEE00400A7A /* Project object */;
}
